// !$*UTF8*$!
{
	archiveVersion = 1;
	classes = {
	};
	objectVersion = 46;
	objects = {

/* Begin PBXBuildFile section */
		562C5D0E1DA2685D00EF0950 /* AppDelegate.swift in Sources */ = {isa = PBXBuildFile; fileRef = 562C5D0D1DA2685D00EF0950 /* AppDelegate.swift */; };
		562C5D151DA2685D00EF0950 /* Assets.xcassets in Resources */ = {isa = PBXBuildFile; fileRef = 562C5D141DA2685D00EF0950 /* Assets.xcassets */; };
		562C5D181DA2685D00EF0950 /* LaunchScreen.storyboard in Resources */ = {isa = PBXBuildFile; fileRef = 562C5D161DA2685D00EF0950 /* LaunchScreen.storyboard */; };
		56516DB71DA6E949005D95BF /* Alamofire.framework in Frameworks */ = {isa = PBXBuildFile; fileRef = 56516DB61DA6E949005D95BF /* Alamofire.framework */; };
		56516DB81DA6E949005D95BF /* Alamofire.framework in Embed Frameworks */ = {isa = PBXBuildFile; fileRef = 56516DB61DA6E949005D95BF /* Alamofire.framework */; settings = {ATTRIBUTES = (CodeSignOnCopy, RemoveHeadersOnCopy, ); }; };
		56516DC41DA79E00005D95BF /* RecommendViewModel.swift in Sources */ = {isa = PBXBuildFile; fileRef = 56516DC31DA79E00005D95BF /* RecommendViewModel.swift */; };
		56516DC61DA7A5F3005D95BF /* NSDate-Extension.swift in Sources */ = {isa = PBXBuildFile; fileRef = 56516DC51DA7A5F3005D95BF /* NSDate-Extension.swift */; };
		56516DC81DA7B635005D95BF /* AnchorGroup.swift in Sources */ = {isa = PBXBuildFile; fileRef = 56516DC71DA7B635005D95BF /* AnchorGroup.swift */; };
		56516DCA1DA7BF71005D95BF /* AnchorModel.swift in Sources */ = {isa = PBXBuildFile; fileRef = 56516DC91DA7BF71005D95BF /* AnchorModel.swift */; };
		56516DF21DA7DDB4005D95BF /* Kingfisher.framework in Frameworks */ = {isa = PBXBuildFile; fileRef = 56516DDB1DA7DD89005D95BF /* Kingfisher.framework */; };
		56516DF31DA7DDB4005D95BF /* Kingfisher.framework in Embed Frameworks */ = {isa = PBXBuildFile; fileRef = 56516DDB1DA7DD89005D95BF /* Kingfisher.framework */; settings = {ATTRIBUTES = (CodeSignOnCopy, RemoveHeadersOnCopy, ); }; };
		56516E1B1DA7F758005D95BF /* CollectionBaseCell.swift in Sources */ = {isa = PBXBuildFile; fileRef = 56516E1A1DA7F758005D95BF /* CollectionBaseCell.swift */; };
		56BD0B5D1DA27C39007B728E /* MainViewController.swift in Sources */ = {isa = PBXBuildFile; fileRef = 56BD0B5C1DA27C39007B728E /* MainViewController.swift */; };
		56BD0B7F1DA2804E007B728E /* Main.storyboard in Resources */ = {isa = PBXBuildFile; fileRef = 56BD0B7E1DA2804E007B728E /* Main.storyboard */; };
		56BD0B831DA286BE007B728E /* Home.storyboard in Resources */ = {isa = PBXBuildFile; fileRef = 56BD0B821DA286BE007B728E /* Home.storyboard */; };
		56BD0B851DA287A8007B728E /* Live.storyboard in Resources */ = {isa = PBXBuildFile; fileRef = 56BD0B841DA287A8007B728E /* Live.storyboard */; };
		56BD0B871DA287F1007B728E /* Profile.storyboard in Resources */ = {isa = PBXBuildFile; fileRef = 56BD0B861DA287F1007B728E /* Profile.storyboard */; };
		56BD0B891DA2880B007B728E /* Follow.storyboard in Resources */ = {isa = PBXBuildFile; fileRef = 56BD0B881DA2880B007B728E /* Follow.storyboard */; };
		56BD0B911DA28F80007B728E /* HomeViewController.swift in Sources */ = {isa = PBXBuildFile; fileRef = 56BD0B901DA28F80007B728E /* HomeViewController.swift */; };
		56BD0B941DA29A1D007B728E /* UIBarbuttonItem-Extension.swift in Sources */ = {isa = PBXBuildFile; fileRef = 56BD0B931DA29A1D007B728E /* UIBarbuttonItem-Extension.swift */; };
		56BD0B961DA2A2EC007B728E /* PageTitleView.swift in Sources */ = {isa = PBXBuildFile; fileRef = 56BD0B951DA2A2EC007B728E /* PageTitleView.swift */; };
		56BD0B981DA2DF45007B728E /* Common.swift in Sources */ = {isa = PBXBuildFile; fileRef = 56BD0B971DA2DF45007B728E /* Common.swift */; };
		56BD0B9A1DA2EF47007B728E /* PageContentView.swift in Sources */ = {isa = PBXBuildFile; fileRef = 56BD0B991DA2EF47007B728E /* PageContentView.swift */; };
		56BD0B9C1DA2F3E8007B728E /* UIColor-Extension.swift in Sources */ = {isa = PBXBuildFile; fileRef = 56BD0B9B1DA2F3E8007B728E /* UIColor-Extension.swift */; };
		56BD0BAE1DA59097007B728E /* RecommendViewController.swift in Sources */ = {isa = PBXBuildFile; fileRef = 56BD0BAD1DA59097007B728E /* RecommendViewController.swift */; };
		56BD0BB11DA590F2007B728E /* CollectionHeaderView.swift in Sources */ = {isa = PBXBuildFile; fileRef = 56BD0BAF1DA590F2007B728E /* CollectionHeaderView.swift */; };
		56BD0BB21DA590F2007B728E /* CollectionHeaderView.xib in Resources */ = {isa = PBXBuildFile; fileRef = 56BD0BB01DA590F2007B728E /* CollectionHeaderView.xib */; };
		56BD0BB71DA59131007B728E /* CollectionNormalCell.swift in Sources */ = {isa = PBXBuildFile; fileRef = 56BD0BB31DA59131007B728E /* CollectionNormalCell.swift */; };
		56BD0BB81DA59131007B728E /* CollectionNormalCell.xib in Resources */ = {isa = PBXBuildFile; fileRef = 56BD0BB41DA59131007B728E /* CollectionNormalCell.xib */; };
		56BD0BB91DA59131007B728E /* CollectionPrettyCell.swift in Sources */ = {isa = PBXBuildFile; fileRef = 56BD0BB51DA59131007B728E /* CollectionPrettyCell.swift */; };
		56BD0BBA1DA59131007B728E /* CollectionPrettyCell.xib in Resources */ = {isa = PBXBuildFile; fileRef = 56BD0BB61DA59131007B728E /* CollectionPrettyCell.xib */; };
		56BD0BBC1DA59676007B728E /* NetworkTools.swift in Sources */ = {isa = PBXBuildFile; fileRef = 56BD0BBB1DA59676007B728E /* NetworkTools.swift */; };
/* End PBXBuildFile section */

/* Begin PBXContainerItemProxy section */
		56516DDA1DA7DD89005D95BF /* PBXContainerItemProxy */ = {
			isa = PBXContainerItemProxy;
			containerPortal = 56516DCB1DA7DD89005D95BF /* Kingfisher.xcodeproj */;
			proxyType = 2;
			remoteGlobalIDString = D1ED2D351AD2D09F00CFC3EB;
			remoteInfo = "Kingfisher-iOS";
		};
		56516DDC1DA7DD89005D95BF /* PBXContainerItemProxy */ = {
			isa = PBXContainerItemProxy;
			containerPortal = 56516DCB1DA7DD89005D95BF /* Kingfisher.xcodeproj */;
			proxyType = 2;
			remoteGlobalIDString = D13F49D61BEDA67C00CE335D;
			remoteInfo = "Kingfisher-tvOS";
		};
		56516DDE1DA7DD89005D95BF /* PBXContainerItemProxy */ = {
			isa = PBXContainerItemProxy;
			containerPortal = 56516DCB1DA7DD89005D95BF /* Kingfisher.xcodeproj */;
			proxyType = 2;
			remoteGlobalIDString = 4B2944481C3D01B20088C3E7;
			remoteInfo = "Kingfisher-macOS";
		};
		56516DE01DA7DD89005D95BF /* PBXContainerItemProxy */ = {
			isa = PBXContainerItemProxy;
			containerPortal = 56516DCB1DA7DD89005D95BF /* Kingfisher.xcodeproj */;
			proxyType = 2;
			remoteGlobalIDString = D16799EB1C4E74460020FD12;
			remoteInfo = "Kingfisher-watchOS";
		};
		56516DE21DA7DD89005D95BF /* PBXContainerItemProxy */ = {
			isa = PBXContainerItemProxy;
			containerPortal = 56516DCB1DA7DD89005D95BF /* Kingfisher.xcodeproj */;
			proxyType = 2;
			remoteGlobalIDString = D1ED2D0B1AD2CFA600CFC3EB;
			remoteInfo = "Kingfisher-Demo";
		};
		56516DE41DA7DD89005D95BF /* PBXContainerItemProxy */ = {
			isa = PBXContainerItemProxy;
			containerPortal = 56516DCB1DA7DD89005D95BF /* Kingfisher.xcodeproj */;
			proxyType = 2;
			remoteGlobalIDString = D13F49C21BEDA53F00CE335D;
			remoteInfo = "Kingfisher-tvOS-Demo";
		};
		56516DE61DA7DD89005D95BF /* PBXContainerItemProxy */ = {
			isa = PBXContainerItemProxy;
			containerPortal = 56516DCB1DA7DD89005D95BF /* Kingfisher.xcodeproj */;
			proxyType = 2;
			remoteGlobalIDString = 4B2944551C3D03880088C3E7;
			remoteInfo = "Kingfisher-macOS-Demo";
		};
		56516DE81DA7DD89005D95BF /* PBXContainerItemProxy */ = {
			isa = PBXContainerItemProxy;
			containerPortal = 56516DCB1DA7DD89005D95BF /* Kingfisher.xcodeproj */;
			proxyType = 2;
			remoteGlobalIDString = D1679A391C4E78B20020FD12;
			remoteInfo = "Kingfisher-watchOS-Demo";
		};
		56516DEA1DA7DD89005D95BF /* PBXContainerItemProxy */ = {
			isa = PBXContainerItemProxy;
			containerPortal = 56516DCB1DA7DD89005D95BF /* Kingfisher.xcodeproj */;
			proxyType = 2;
			remoteGlobalIDString = D1679A451C4E78B20020FD12;
			remoteInfo = "Kingfisher-watchOS-Demo Extension";
		};
		56516DEC1DA7DD89005D95BF /* PBXContainerItemProxy */ = {
			isa = PBXContainerItemProxy;
			containerPortal = 56516DCB1DA7DD89005D95BF /* Kingfisher.xcodeproj */;
			proxyType = 2;
			remoteGlobalIDString = D1ED2D3F1AD2D09F00CFC3EB;
			remoteInfo = KingfisherTests;
		};
		56516DEE1DA7DD89005D95BF /* PBXContainerItemProxy */ = {
			isa = PBXContainerItemProxy;
			containerPortal = 56516DCB1DA7DD89005D95BF /* Kingfisher.xcodeproj */;
			proxyType = 2;
			remoteGlobalIDString = 4B37667F1C478F940001443F;
			remoteInfo = "KingfisherTests-tvOS";
		};
		56516DF01DA7DD89005D95BF /* PBXContainerItemProxy */ = {
			isa = PBXContainerItemProxy;
			containerPortal = 56516DCB1DA7DD89005D95BF /* Kingfisher.xcodeproj */;
			proxyType = 2;
			remoteGlobalIDString = D10EC2311C3D632300A4211C;
			remoteInfo = "KingfisherTests-macOS";
		};
		56516DF41DA7DDB4005D95BF /* PBXContainerItemProxy */ = {
			isa = PBXContainerItemProxy;
			containerPortal = 56516DCB1DA7DD89005D95BF /* Kingfisher.xcodeproj */;
			proxyType = 1;
			remoteGlobalIDString = D1ED2D341AD2D09F00CFC3EB;
			remoteInfo = "Kingfisher-iOS";
		};
		56516E011DA7ED6B005D95BF /* PBXContainerItemProxy */ = {
			isa = PBXContainerItemProxy;
			containerPortal = 56516D9D1DA6E8AB005D95BF /* Alamofire.xcodeproj */;
			proxyType = 2;
			remoteGlobalIDString = F8111E3319A95C8B0040E7D1;
			remoteInfo = "Alamofire iOS";
		};
		56516E031DA7ED6B005D95BF /* PBXContainerItemProxy */ = {
			isa = PBXContainerItemProxy;
			containerPortal = 56516D9D1DA6E8AB005D95BF /* Alamofire.xcodeproj */;
			proxyType = 2;
			remoteGlobalIDString = F8111E3E19A95C8B0040E7D1;
			remoteInfo = "Alamofire iOS Tests";
		};
		56516E051DA7ED6B005D95BF /* PBXContainerItemProxy */ = {
			isa = PBXContainerItemProxy;
			containerPortal = 56516D9D1DA6E8AB005D95BF /* Alamofire.xcodeproj */;
			proxyType = 2;
			remoteGlobalIDString = 4DD67C0B1A5C55C900ED2280;
			remoteInfo = "Alamofire macOS";
		};
		56516E071DA7ED6B005D95BF /* PBXContainerItemProxy */ = {
			isa = PBXContainerItemProxy;
			containerPortal = 56516D9D1DA6E8AB005D95BF /* Alamofire.xcodeproj */;
			proxyType = 2;
			remoteGlobalIDString = F829C6B21A7A94F100A2CD59;
			remoteInfo = "Alamofire macOS Tests";
		};
		56516E091DA7ED6B005D95BF /* PBXContainerItemProxy */ = {
			isa = PBXContainerItemProxy;
			containerPortal = 56516D9D1DA6E8AB005D95BF /* Alamofire.xcodeproj */;
			proxyType = 2;
			remoteGlobalIDString = 4CF626EF1BA7CB3E0011A099;
			remoteInfo = "Alamofire tvOS";
		};
		56516E0B1DA7ED6B005D95BF /* PBXContainerItemProxy */ = {
			isa = PBXContainerItemProxy;
			containerPortal = 56516D9D1DA6E8AB005D95BF /* Alamofire.xcodeproj */;
			proxyType = 2;
			remoteGlobalIDString = 4CF626F81BA7CB3E0011A099;
			remoteInfo = "Alamofire tvOS Tests";
		};
		56516E0D1DA7ED6B005D95BF /* PBXContainerItemProxy */ = {
			isa = PBXContainerItemProxy;
			containerPortal = 56516D9D1DA6E8AB005D95BF /* Alamofire.xcodeproj */;
			proxyType = 2;
			remoteGlobalIDString = E4202FE01B667AA100C997FB;
			remoteInfo = "Alamofire watchOS";
		};
/* End PBXContainerItemProxy section */

/* Begin PBXCopyFilesBuildPhase section */
		56516DB91DA6E949005D95BF /* Embed Frameworks */ = {
			isa = PBXCopyFilesBuildPhase;
			buildActionMask = 2147483647;
			dstPath = "";
			dstSubfolderSpec = 10;
			files = (
				56516DF31DA7DDB4005D95BF /* Kingfisher.framework in Embed Frameworks */,
				56516DB81DA6E949005D95BF /* Alamofire.framework in Embed Frameworks */,
			);
			name = "Embed Frameworks";
			runOnlyForDeploymentPostprocessing = 0;
		};
/* End PBXCopyFilesBuildPhase section */

/* Begin PBXFileReference section */
		562C5D0A1DA2685D00EF0950 /* DouYuZhiBo.app */ = {isa = PBXFileReference; explicitFileType = wrapper.application; includeInIndex = 0; path = DouYuZhiBo.app; sourceTree = BUILT_PRODUCTS_DIR; };
		562C5D0D1DA2685D00EF0950 /* AppDelegate.swift */ = {isa = PBXFileReference; lastKnownFileType = sourcecode.swift; path = AppDelegate.swift; sourceTree = "<group>"; };
		562C5D141DA2685D00EF0950 /* Assets.xcassets */ = {isa = PBXFileReference; lastKnownFileType = folder.assetcatalog; path = Assets.xcassets; sourceTree = "<group>"; };
		562C5D171DA2685D00EF0950 /* Base */ = {isa = PBXFileReference; lastKnownFileType = file.storyboard; name = Base; path = Base.lproj/LaunchScreen.storyboard; sourceTree = "<group>"; };
		562C5D191DA2685D00EF0950 /* Info.plist */ = {isa = PBXFileReference; lastKnownFileType = text.plist.xml; path = Info.plist; sourceTree = "<group>"; };
		56516D9D1DA6E8AB005D95BF /* Alamofire.xcodeproj */ = {isa = PBXFileReference; lastKnownFileType = "wrapper.pb-project"; name = Alamofire.xcodeproj; path = ../Alamofire/Alamofire.xcodeproj; sourceTree = "<group>"; };
		56516DB61DA6E949005D95BF /* Alamofire.framework */ = {isa = PBXFileReference; explicitFileType = wrapper.framework; path = Alamofire.framework; sourceTree = BUILT_PRODUCTS_DIR; };
		56516DC31DA79E00005D95BF /* RecommendViewModel.swift */ = {isa = PBXFileReference; fileEncoding = 4; lastKnownFileType = sourcecode.swift; path = RecommendViewModel.swift; sourceTree = "<group>"; };
		56516DC51DA7A5F3005D95BF /* NSDate-Extension.swift */ = {isa = PBXFileReference; fileEncoding = 4; lastKnownFileType = sourcecode.swift; path = "NSDate-Extension.swift"; sourceTree = "<group>"; };
		56516DC71DA7B635005D95BF /* AnchorGroup.swift */ = {isa = PBXFileReference; fileEncoding = 4; lastKnownFileType = sourcecode.swift; path = AnchorGroup.swift; sourceTree = "<group>"; };
		56516DC91DA7BF71005D95BF /* AnchorModel.swift */ = {isa = PBXFileReference; fileEncoding = 4; lastKnownFileType = sourcecode.swift; path = AnchorModel.swift; sourceTree = "<group>"; };
		56516DCB1DA7DD89005D95BF /* Kingfisher.xcodeproj */ = {isa = PBXFileReference; lastKnownFileType = "wrapper.pb-project"; name = Kingfisher.xcodeproj; path = ../Kingfisher/Kingfisher.xcodeproj; sourceTree = "<group>"; };
		56516E1A1DA7F758005D95BF /* CollectionBaseCell.swift */ = {isa = PBXFileReference; fileEncoding = 4; lastKnownFileType = sourcecode.swift; path = CollectionBaseCell.swift; sourceTree = "<group>"; };
		56BD0B5C1DA27C39007B728E /* MainViewController.swift */ = {isa = PBXFileReference; fileEncoding = 4; lastKnownFileType = sourcecode.swift; name = MainViewController.swift; path = ../MainViewController.swift; sourceTree = "<group>"; };
		56BD0B7E1DA2804E007B728E /* Main.storyboard */ = {isa = PBXFileReference; fileEncoding = 4; lastKnownFileType = file.storyboard; name = Main.storyboard; path = ../Main.storyboard; sourceTree = "<group>"; };
		56BD0B821DA286BE007B728E /* Home.storyboard */ = {isa = PBXFileReference; fileEncoding = 4; lastKnownFileType = file.storyboard; name = Home.storyboard; path = ../../Main/Home.storyboard; sourceTree = "<group>"; };
		56BD0B841DA287A8007B728E /* Live.storyboard */ = {isa = PBXFileReference; fileEncoding = 4; lastKnownFileType = file.storyboard; name = Live.storyboard; path = ../Main/Live.storyboard; sourceTree = "<group>"; };
		56BD0B861DA287F1007B728E /* Profile.storyboard */ = {isa = PBXFileReference; fileEncoding = 4; lastKnownFileType = file.storyboard; name = Profile.storyboard; path = ../Main/Profile.storyboard; sourceTree = "<group>"; };
		56BD0B881DA2880B007B728E /* Follow.storyboard */ = {isa = PBXFileReference; fileEncoding = 4; lastKnownFileType = file.storyboard; name = Follow.storyboard; path = ../Main/Follow.storyboard; sourceTree = "<group>"; };
		56BD0B901DA28F80007B728E /* HomeViewController.swift */ = {isa = PBXFileReference; fileEncoding = 4; lastKnownFileType = sourcecode.swift; path = HomeViewController.swift; sourceTree = "<group>"; };
		56BD0B931DA29A1D007B728E /* UIBarbuttonItem-Extension.swift */ = {isa = PBXFileReference; fileEncoding = 4; lastKnownFileType = sourcecode.swift; path = "UIBarbuttonItem-Extension.swift"; sourceTree = "<group>"; };
		56BD0B951DA2A2EC007B728E /* PageTitleView.swift */ = {isa = PBXFileReference; fileEncoding = 4; lastKnownFileType = sourcecode.swift; path = PageTitleView.swift; sourceTree = "<group>"; };
		56BD0B971DA2DF45007B728E /* Common.swift */ = {isa = PBXFileReference; fileEncoding = 4; lastKnownFileType = sourcecode.swift; path = Common.swift; sourceTree = "<group>"; };
		56BD0B991DA2EF47007B728E /* PageContentView.swift */ = {isa = PBXFileReference; fileEncoding = 4; lastKnownFileType = sourcecode.swift; path = PageContentView.swift; sourceTree = "<group>"; };
		56BD0B9B1DA2F3E8007B728E /* UIColor-Extension.swift */ = {isa = PBXFileReference; fileEncoding = 4; lastKnownFileType = sourcecode.swift; path = "UIColor-Extension.swift"; sourceTree = "<group>"; };
		56BD0BAD1DA59097007B728E /* RecommendViewController.swift */ = {isa = PBXFileReference; fileEncoding = 4; lastKnownFileType = sourcecode.swift; path = RecommendViewController.swift; sourceTree = "<group>"; };
		56BD0BAF1DA590F2007B728E /* CollectionHeaderView.swift */ = {isa = PBXFileReference; fileEncoding = 4; lastKnownFileType = sourcecode.swift; path = CollectionHeaderView.swift; sourceTree = "<group>"; };
		56BD0BB01DA590F2007B728E /* CollectionHeaderView.xib */ = {isa = PBXFileReference; fileEncoding = 4; lastKnownFileType = file.xib; path = CollectionHeaderView.xib; sourceTree = "<group>"; };
		56BD0BB31DA59131007B728E /* CollectionNormalCell.swift */ = {isa = PBXFileReference; fileEncoding = 4; lastKnownFileType = sourcecode.swift; path = CollectionNormalCell.swift; sourceTree = "<group>"; };
		56BD0BB41DA59131007B728E /* CollectionNormalCell.xib */ = {isa = PBXFileReference; fileEncoding = 4; lastKnownFileType = file.xib; path = CollectionNormalCell.xib; sourceTree = "<group>"; };
		56BD0BB51DA59131007B728E /* CollectionPrettyCell.swift */ = {isa = PBXFileReference; fileEncoding = 4; lastKnownFileType = sourcecode.swift; path = CollectionPrettyCell.swift; sourceTree = "<group>"; };
		56BD0BB61DA59131007B728E /* CollectionPrettyCell.xib */ = {isa = PBXFileReference; fileEncoding = 4; lastKnownFileType = file.xib; path = CollectionPrettyCell.xib; sourceTree = "<group>"; };
		56BD0BBB1DA59676007B728E /* NetworkTools.swift */ = {isa = PBXFileReference; fileEncoding = 4; lastKnownFileType = sourcecode.swift; path = NetworkTools.swift; sourceTree = "<group>"; };
/* End PBXFileReference section */

/* Begin PBXFrameworksBuildPhase section */
		562C5D071DA2685D00EF0950 /* Frameworks */ = {
			isa = PBXFrameworksBuildPhase;
			buildActionMask = 2147483647;
			files = (
				56516DF21DA7DDB4005D95BF /* Kingfisher.framework in Frameworks */,
				56516DB71DA6E949005D95BF /* Alamofire.framework in Frameworks */,
			);
			runOnlyForDeploymentPostprocessing = 0;
		};
/* End PBXFrameworksBuildPhase section */

/* Begin PBXGroup section */
		562C5D011DA2685D00EF0950 = {
			isa = PBXGroup;
			children = (
				56516DCB1DA7DD89005D95BF /* Kingfisher.xcodeproj */,
				56516DB61DA6E949005D95BF /* Alamofire.framework */,
				56516D9D1DA6E8AB005D95BF /* Alamofire.xcodeproj */,
				562C5D0C1DA2685D00EF0950 /* DouYuZhiBo */,
				562C5D0B1DA2685D00EF0950 /* Products */,
				56BD0BBD1DA59A29007B728E /* Frameworks */,
			);
			sourceTree = "<group>";
		};
		562C5D0B1DA2685D00EF0950 /* Products */ = {
			isa = PBXGroup;
			children = (
				562C5D0A1DA2685D00EF0950 /* DouYuZhiBo.app */,
			);
			name = Products;
			sourceTree = "<group>";
		};
		562C5D0C1DA2685D00EF0950 /* DouYuZhiBo */ = {
			isa = PBXGroup;
			children = (
				562C5D1F1DA273A900EF0950 /* Classes */,
				562C5D0D1DA2685D00EF0950 /* AppDelegate.swift */,
				562C5D141DA2685D00EF0950 /* Assets.xcassets */,
				562C5D161DA2685D00EF0950 /* LaunchScreen.storyboard */,
				562C5D191DA2685D00EF0950 /* Info.plist */,
			);
			path = DouYuZhiBo;
			sourceTree = "<group>";
		};
		562C5D1F1DA273A900EF0950 /* Classes */ = {
			isa = PBXGroup;
			children = (
				562C5D231DA273A900EF0950 /* Main */,
				562C5D211DA273A900EF0950 /* Home */,
				562C5D221DA273A900EF0950 /* Live */,
				562C5D201DA273A900EF0950 /* Follow */,
				562C5D241DA273A900EF0950 /* Profile */,
				562C5D251DA273A900EF0950 /* Tools */,
			);
			path = Classes;
			sourceTree = "<group>";
		};
		562C5D201DA273A900EF0950 /* Follow */ = {
			isa = PBXGroup;
			children = (
				56BD0B881DA2880B007B728E /* Follow.storyboard */,
			);
			path = Follow;
			sourceTree = "<group>";
		};
		562C5D211DA273A900EF0950 /* Home */ = {
			isa = PBXGroup;
			children = (
				56516DC21DA79DBE005D95BF /* ViewModel */,
				56BD0B8A1DA28E45007B728E /* Cotroller */,
				56BD0B8B1DA28E45007B728E /* Model */,
				56BD0B8C1DA28E45007B728E /* View */,
			);
			path = Home;
			sourceTree = "<group>";
		};
		562C5D221DA273A900EF0950 /* Live */ = {
			isa = PBXGroup;
			children = (
				56BD0B841DA287A8007B728E /* Live.storyboard */,
			);
			path = Live;
			sourceTree = "<group>";
		};
		562C5D231DA273A900EF0950 /* Main */ = {
			isa = PBXGroup;
			children = (
				56BD0B8D1DA28EDD007B728E /* Controller */,
				56BD0B8E1DA28EDD007B728E /* Model */,
				56BD0B8F1DA28EDD007B728E /* View */,
			);
			path = Main;
			sourceTree = "<group>";
		};
		562C5D241DA273A900EF0950 /* Profile */ = {
			isa = PBXGroup;
			children = (
				56BD0B861DA287F1007B728E /* Profile.storyboard */,
			);
			path = Profile;
			sourceTree = "<group>";
		};
		562C5D251DA273A900EF0950 /* Tools */ = {
			isa = PBXGroup;
			children = (
				56BD0B921DA299A5007B728E /* Extension */,
				56BD0B971DA2DF45007B728E /* Common.swift */,
				56BD0BBB1DA59676007B728E /* NetworkTools.swift */,
			);
			path = Tools;
			sourceTree = "<group>";
		};
		56516DC21DA79DBE005D95BF /* ViewModel */ = {
			isa = PBXGroup;
			children = (
				56516DC31DA79E00005D95BF /* RecommendViewModel.swift */,
			);
			path = ViewModel;
			sourceTree = "<group>";
		};
		56516DCC1DA7DD89005D95BF /* Products */ = {
			isa = PBXGroup;
			children = (
				56516DDB1DA7DD89005D95BF /* Kingfisher.framework */,
				56516DDD1DA7DD89005D95BF /* Kingfisher.framework */,
				56516DDF1DA7DD89005D95BF /* Kingfisher.framework */,
				56516DE11DA7DD89005D95BF /* Kingfisher.framework */,
				56516DE31DA7DD89005D95BF /* Kingfisher-Demo.app */,
				56516DE51DA7DD89005D95BF /* Kingfisher-tvOS-Demo.app */,
				56516DE71DA7DD89005D95BF /* Kingfisher-macOS-Demo.app */,
				56516DE91DA7DD89005D95BF /* Kingfisher-watchOS-Demo.app */,
				56516DEB1DA7DD89005D95BF /* Kingfisher-watchOS-Demo Extension.appex */,
				56516DED1DA7DD89005D95BF /* KingfisherTests.xctest */,
				56516DEF1DA7DD89005D95BF /* KingfisherTests-tvOS.xctest */,
				56516DF11DA7DD89005D95BF /* KingfisherTests-macOS.xctest */,
			);
			name = Products;
			sourceTree = "<group>";
		};
		56516DF71DA7ED6B005D95BF /* Products */ = {
			isa = PBXGroup;
			children = (
				56516E021DA7ED6B005D95BF /* Alamofire.framework */,
				56516E041DA7ED6B005D95BF /* Alamofire iOS Tests.xctest */,
				56516E061DA7ED6B005D95BF /* Alamofire.framework */,
				56516E081DA7ED6B005D95BF /* Alamofire macOS Tests.xctest */,
				56516E0A1DA7ED6B005D95BF /* Alamofire.framework */,
				56516E0C1DA7ED6B005D95BF /* Alamofire tvOS Tests.xctest */,
				56516E0E1DA7ED6B005D95BF /* Alamofire.framework */,
			);
			name = Products;
			sourceTree = "<group>";
		};
		56BD0B8A1DA28E45007B728E /* Cotroller */ = {
			isa = PBXGroup;
			children = (
				56BD0B821DA286BE007B728E /* Home.storyboard */,
				56BD0B901DA28F80007B728E /* HomeViewController.swift */,
				56BD0BAD1DA59097007B728E /* RecommendViewController.swift */,
			);
			path = Cotroller;
			sourceTree = "<group>";
		};
		56BD0B8B1DA28E45007B728E /* Model */ = {
			isa = PBXGroup;
			children = (
			);
			path = Model;
			sourceTree = "<group>";
		};
		56BD0B8C1DA28E45007B728E /* View */ = {
			isa = PBXGroup;
			children = (
				56BD0BAF1DA590F2007B728E /* CollectionHeaderView.swift */,
				56BD0BB01DA590F2007B728E /* CollectionHeaderView.xib */,
			);
			path = View;
			sourceTree = "<group>";
		};
		56BD0B8D1DA28EDD007B728E /* Controller */ = {
			isa = PBXGroup;
			children = (
				56BD0B5C1DA27C39007B728E /* MainViewController.swift */,
				56BD0B7E1DA2804E007B728E /* Main.storyboard */,
			);
			path = Controller;
			sourceTree = "<group>";
		};
		56BD0B8E1DA28EDD007B728E /* Model */ = {
			isa = PBXGroup;
			children = (
				56516DC71DA7B635005D95BF /* AnchorGroup.swift */,
				56516DC91DA7BF71005D95BF /* AnchorModel.swift */,
			);
			path = Model;
			sourceTree = "<group>";
		};
		56BD0B8F1DA28EDD007B728E /* View */ = {
			isa = PBXGroup;
			children = (
				56BD0B951DA2A2EC007B728E /* PageTitleView.swift */,
				56BD0B991DA2EF47007B728E /* PageContentView.swift */,
				56BD0BB31DA59131007B728E /* CollectionNormalCell.swift */,
				56BD0BB41DA59131007B728E /* CollectionNormalCell.xib */,
				56BD0BB51DA59131007B728E /* CollectionPrettyCell.swift */,
				56BD0BB61DA59131007B728E /* CollectionPrettyCell.xib */,
				56516E1A1DA7F758005D95BF /* CollectionBaseCell.swift */,
			);
			path = View;
			sourceTree = "<group>";
		};
		56BD0B921DA299A5007B728E /* Extension */ = {
			isa = PBXGroup;
			children = (
				56BD0B931DA29A1D007B728E /* UIBarbuttonItem-Extension.swift */,
				56BD0B9B1DA2F3E8007B728E /* UIColor-Extension.swift */,
				56516DC51DA7A5F3005D95BF /* NSDate-Extension.swift */,
			);
			path = Extension;
			sourceTree = "<group>";
		};
		56BD0BBD1DA59A29007B728E /* Frameworks */ = {
			isa = PBXGroup;
			children = (
			);
			name = Frameworks;
			sourceTree = "<group>";
		};
/* End PBXGroup section */

/* Begin PBXNativeTarget section */
		562C5D091DA2685D00EF0950 /* DouYuZhiBo */ = {
			isa = PBXNativeTarget;
			buildConfigurationList = 562C5D1C1DA2685D00EF0950 /* Build configuration list for PBXNativeTarget "DouYuZhiBo" */;
			buildPhases = (
				562C5D061DA2685D00EF0950 /* Sources */,
				562C5D071DA2685D00EF0950 /* Frameworks */,
				562C5D081DA2685D00EF0950 /* Resources */,
				56516DB91DA6E949005D95BF /* Embed Frameworks */,
			);
			buildRules = (
			);
			dependencies = (
				56516DF51DA7DDB4005D95BF /* PBXTargetDependency */,
			);
			name = DouYuZhiBo;
			productName = DouYuZhiBo;
			productReference = 562C5D0A1DA2685D00EF0950 /* DouYuZhiBo.app */;
			productType = "com.apple.product-type.application";
		};
/* End PBXNativeTarget section */

/* Begin PBXProject section */
		562C5D021DA2685D00EF0950 /* Project object */ = {
			isa = PBXProject;
			attributes = {
				LastSwiftUpdateCheck = 0800;
				LastUpgradeCheck = 0800;
				ORGANIZATIONNAME = echochief;
				TargetAttributes = {
					562C5D091DA2685D00EF0950 = {
						CreatedOnToolsVersion = 8.0;
						LastSwiftMigration = 0800;
						ProvisioningStyle = Automatic;
					};
				};
			};
			buildConfigurationList = 562C5D051DA2685D00EF0950 /* Build configuration list for PBXProject "DouYuZhiBo" */;
			compatibilityVersion = "Xcode 3.2";
			developmentRegion = English;
			hasScannedForEncodings = 0;
			knownRegions = (
				en,
				Base,
			);
			mainGroup = 562C5D011DA2685D00EF0950;
			productRefGroup = 562C5D0B1DA2685D00EF0950 /* Products */;
			projectDirPath = "";
			projectReferences = (
				{
					ProductGroup = 56516DF71DA7ED6B005D95BF /* Products */;
					ProjectRef = 56516D9D1DA6E8AB005D95BF /* Alamofire.xcodeproj */;
				},
				{
					ProductGroup = 56516DCC1DA7DD89005D95BF /* Products */;
					ProjectRef = 56516DCB1DA7DD89005D95BF /* Kingfisher.xcodeproj */;
				},
			);
			projectRoot = "";
			targets = (
				562C5D091DA2685D00EF0950 /* DouYuZhiBo */,
			);
		};
/* End PBXProject section */

/* Begin PBXReferenceProxy section */
		56516DDB1DA7DD89005D95BF /* Kingfisher.framework */ = {
			isa = PBXReferenceProxy;
			fileType = wrapper.framework;
			path = Kingfisher.framework;
			remoteRef = 56516DDA1DA7DD89005D95BF /* PBXContainerItemProxy */;
			sourceTree = BUILT_PRODUCTS_DIR;
		};
		56516DDD1DA7DD89005D95BF /* Kingfisher.framework */ = {
			isa = PBXReferenceProxy;
			fileType = wrapper.framework;
			path = Kingfisher.framework;
			remoteRef = 56516DDC1DA7DD89005D95BF /* PBXContainerItemProxy */;
			sourceTree = BUILT_PRODUCTS_DIR;
		};
		56516DDF1DA7DD89005D95BF /* Kingfisher.framework */ = {
			isa = PBXReferenceProxy;
			fileType = wrapper.framework;
			path = Kingfisher.framework;
			remoteRef = 56516DDE1DA7DD89005D95BF /* PBXContainerItemProxy */;
			sourceTree = BUILT_PRODUCTS_DIR;
		};
		56516DE11DA7DD89005D95BF /* Kingfisher.framework */ = {
			isa = PBXReferenceProxy;
			fileType = wrapper.framework;
			path = Kingfisher.framework;
			remoteRef = 56516DE01DA7DD89005D95BF /* PBXContainerItemProxy */;
			sourceTree = BUILT_PRODUCTS_DIR;
		};
		56516DE31DA7DD89005D95BF /* Kingfisher-Demo.app */ = {
			isa = PBXReferenceProxy;
			fileType = wrapper.application;
			path = "Kingfisher-Demo.app";
			remoteRef = 56516DE21DA7DD89005D95BF /* PBXContainerItemProxy */;
			sourceTree = BUILT_PRODUCTS_DIR;
		};
		56516DE51DA7DD89005D95BF /* Kingfisher-tvOS-Demo.app */ = {
			isa = PBXReferenceProxy;
			fileType = wrapper.application;
			path = "Kingfisher-tvOS-Demo.app";
			remoteRef = 56516DE41DA7DD89005D95BF /* PBXContainerItemProxy */;
			sourceTree = BUILT_PRODUCTS_DIR;
		};
		56516DE71DA7DD89005D95BF /* Kingfisher-macOS-Demo.app */ = {
			isa = PBXReferenceProxy;
			fileType = wrapper.application;
			path = "Kingfisher-macOS-Demo.app";
			remoteRef = 56516DE61DA7DD89005D95BF /* PBXContainerItemProxy */;
			sourceTree = BUILT_PRODUCTS_DIR;
		};
		56516DE91DA7DD89005D95BF /* Kingfisher-watchOS-Demo.app */ = {
			isa = PBXReferenceProxy;
			fileType = wrapper.application;
			path = "Kingfisher-watchOS-Demo.app";
			remoteRef = 56516DE81DA7DD89005D95BF /* PBXContainerItemProxy */;
			sourceTree = BUILT_PRODUCTS_DIR;
		};
		56516DEB1DA7DD89005D95BF /* Kingfisher-watchOS-Demo Extension.appex */ = {
			isa = PBXReferenceProxy;
			fileType = "wrapper.app-extension";
			path = "Kingfisher-watchOS-Demo Extension.appex";
			remoteRef = 56516DEA1DA7DD89005D95BF /* PBXContainerItemProxy */;
			sourceTree = BUILT_PRODUCTS_DIR;
		};
		56516DED1DA7DD89005D95BF /* KingfisherTests.xctest */ = {
			isa = PBXReferenceProxy;
			fileType = wrapper.cfbundle;
			path = KingfisherTests.xctest;
			remoteRef = 56516DEC1DA7DD89005D95BF /* PBXContainerItemProxy */;
			sourceTree = BUILT_PRODUCTS_DIR;
		};
		56516DEF1DA7DD89005D95BF /* KingfisherTests-tvOS.xctest */ = {
			isa = PBXReferenceProxy;
			fileType = wrapper.cfbundle;
			path = "KingfisherTests-tvOS.xctest";
			remoteRef = 56516DEE1DA7DD89005D95BF /* PBXContainerItemProxy */;
			sourceTree = BUILT_PRODUCTS_DIR;
		};
		56516DF11DA7DD89005D95BF /* KingfisherTests-macOS.xctest */ = {
			isa = PBXReferenceProxy;
			fileType = wrapper.cfbundle;
			path = "KingfisherTests-macOS.xctest";
			remoteRef = 56516DF01DA7DD89005D95BF /* PBXContainerItemProxy */;
			sourceTree = BUILT_PRODUCTS_DIR;
		};
		56516E021DA7ED6B005D95BF /* Alamofire.framework */ = {
			isa = PBXReferenceProxy;
			fileType = wrapper.framework;
			path = Alamofire.framework;
			remoteRef = 56516E011DA7ED6B005D95BF /* PBXContainerItemProxy */;
			sourceTree = BUILT_PRODUCTS_DIR;
		};
		56516E041DA7ED6B005D95BF /* Alamofire iOS Tests.xctest */ = {
			isa = PBXReferenceProxy;
			fileType = wrapper.cfbundle;
			path = "Alamofire iOS Tests.xctest";
			remoteRef = 56516E031DA7ED6B005D95BF /* PBXContainerItemProxy */;
			sourceTree = BUILT_PRODUCTS_DIR;
		};
		56516E061DA7ED6B005D95BF /* Alamofire.framework */ = {
			isa = PBXReferenceProxy;
			fileType = wrapper.framework;
			path = Alamofire.framework;
			remoteRef = 56516E051DA7ED6B005D95BF /* PBXContainerItemProxy */;
			sourceTree = BUILT_PRODUCTS_DIR;
		};
		56516E081DA7ED6B005D95BF /* Alamofire macOS Tests.xctest */ = {
			isa = PBXReferenceProxy;
			fileType = wrapper.cfbundle;
			path = "Alamofire macOS Tests.xctest";
			remoteRef = 56516E071DA7ED6B005D95BF /* PBXContainerItemProxy */;
			sourceTree = BUILT_PRODUCTS_DIR;
		};
		56516E0A1DA7ED6B005D95BF /* Alamofire.framework */ = {
			isa = PBXReferenceProxy;
			fileType = wrapper.framework;
			path = Alamofire.framework;
			remoteRef = 56516E091DA7ED6B005D95BF /* PBXContainerItemProxy */;
			sourceTree = BUILT_PRODUCTS_DIR;
		};
		56516E0C1DA7ED6B005D95BF /* Alamofire tvOS Tests.xctest */ = {
			isa = PBXReferenceProxy;
			fileType = wrapper.cfbundle;
			path = "Alamofire tvOS Tests.xctest";
			remoteRef = 56516E0B1DA7ED6B005D95BF /* PBXContainerItemProxy */;
			sourceTree = BUILT_PRODUCTS_DIR;
		};
		56516E0E1DA7ED6B005D95BF /* Alamofire.framework */ = {
			isa = PBXReferenceProxy;
			fileType = wrapper.framework;
			path = Alamofire.framework;
			remoteRef = 56516E0D1DA7ED6B005D95BF /* PBXContainerItemProxy */;
			sourceTree = BUILT_PRODUCTS_DIR;
		};
/* End PBXReferenceProxy section */

/* Begin PBXResourcesBuildPhase section */
		562C5D081DA2685D00EF0950 /* Resources */ = {
			isa = PBXResourcesBuildPhase;
			buildActionMask = 2147483647;
			files = (
				56BD0B871DA287F1007B728E /* Profile.storyboard in Resources */,
				56BD0BB21DA590F2007B728E /* CollectionHeaderView.xib in Resources */,
				56BD0BB81DA59131007B728E /* CollectionNormalCell.xib in Resources */,
				56BD0B7F1DA2804E007B728E /* Main.storyboard in Resources */,
				562C5D181DA2685D00EF0950 /* LaunchScreen.storyboard in Resources */,
				562C5D151DA2685D00EF0950 /* Assets.xcassets in Resources */,
				56BD0B891DA2880B007B728E /* Follow.storyboard in Resources */,
				56BD0BBA1DA59131007B728E /* CollectionPrettyCell.xib in Resources */,
				56BD0B851DA287A8007B728E /* Live.storyboard in Resources */,
				56BD0B831DA286BE007B728E /* Home.storyboard in Resources */,
			);
			runOnlyForDeploymentPostprocessing = 0;
		};
/* End PBXResourcesBuildPhase section */

/* Begin PBXSourcesBuildPhase section */
		562C5D061DA2685D00EF0950 /* Sources */ = {
			isa = PBXSourcesBuildPhase;
			buildActionMask = 2147483647;
			files = (
				562C5D0E1DA2685D00EF0950 /* AppDelegate.swift in Sources */,
				56BD0BB11DA590F2007B728E /* CollectionHeaderView.swift in Sources */,
				56BD0B9C1DA2F3E8007B728E /* UIColor-Extension.swift in Sources */,
				56BD0BAE1DA59097007B728E /* RecommendViewController.swift in Sources */,
				56516DC81DA7B635005D95BF /* AnchorGroup.swift in Sources */,
				56BD0B5D1DA27C39007B728E /* MainViewController.swift in Sources */,
				56BD0B961DA2A2EC007B728E /* PageTitleView.swift in Sources */,
				56BD0B9A1DA2EF47007B728E /* PageContentView.swift in Sources */,
				56BD0B941DA29A1D007B728E /* UIBarbuttonItem-Extension.swift in Sources */,
				56BD0B981DA2DF45007B728E /* Common.swift in Sources */,
				56BD0BB91DA59131007B728E /* CollectionPrettyCell.swift in Sources */,
				56516DC61DA7A5F3005D95BF /* NSDate-Extension.swift in Sources */,
				56516E1B1DA7F758005D95BF /* CollectionBaseCell.swift in Sources */,
				56BD0BB71DA59131007B728E /* CollectionNormalCell.swift in Sources */,
				56BD0BBC1DA59676007B728E /* NetworkTools.swift in Sources */,
				56BD0B911DA28F80007B728E /* HomeViewController.swift in Sources */,
				56516DC41DA79E00005D95BF /* RecommendViewModel.swift in Sources */,
				56516DCA1DA7BF71005D95BF /* AnchorModel.swift in Sources */,
			);
			runOnlyForDeploymentPostprocessing = 0;
		};
/* End PBXSourcesBuildPhase section */

/* Begin PBXTargetDependency section */
		56516DF51DA7DDB4005D95BF /* PBXTargetDependency */ = {
			isa = PBXTargetDependency;
			name = "Kingfisher-iOS";
			targetProxy = 56516DF41DA7DDB4005D95BF /* PBXContainerItemProxy */;
		};
/* End PBXTargetDependency section */

/* Begin PBXVariantGroup section */
		562C5D161DA2685D00EF0950 /* LaunchScreen.storyboard */ = {
			isa = PBXVariantGroup;
			children = (
				562C5D171DA2685D00EF0950 /* Base */,
			);
			name = LaunchScreen.storyboard;
			sourceTree = "<group>";
		};
/* End PBXVariantGroup section */

/* Begin XCBuildConfiguration section */
		562C5D1A1DA2685D00EF0950 /* Debug */ = {
			isa = XCBuildConfiguration;
			buildSettings = {
				ALWAYS_SEARCH_USER_PATHS = NO;
				CLANG_ANALYZER_NONNULL = YES;
				CLANG_CXX_LANGUAGE_STANDARD = "gnu++0x";
				CLANG_CXX_LIBRARY = "libc++";
				CLANG_ENABLE_MODULES = YES;
				CLANG_ENABLE_OBJC_ARC = YES;
				CLANG_WARN_BOOL_CONVERSION = YES;
				CLANG_WARN_CONSTANT_CONVERSION = YES;
				CLANG_WARN_DIRECT_OBJC_ISA_USAGE = YES_ERROR;
				CLANG_WARN_DOCUMENTATION_COMMENTS = YES;
				CLANG_WARN_EMPTY_BODY = YES;
				CLANG_WARN_ENUM_CONVERSION = YES;
				CLANG_WARN_INFINITE_RECURSION = YES;
				CLANG_WARN_INT_CONVERSION = YES;
				CLANG_WARN_OBJC_ROOT_CLASS = YES_ERROR;
				CLANG_WARN_SUSPICIOUS_MOVES = YES;
				CLANG_WARN_UNREACHABLE_CODE = YES;
				CLANG_WARN__DUPLICATE_METHOD_MATCH = YES;
				"CODE_SIGN_IDENTITY[sdk=iphoneos*]" = "iPhone Developer: echochief@126.com (TWV2D2ACH8)";
				COPY_PHASE_STRIP = NO;
				DEBUG_INFORMATION_FORMAT = dwarf;
				ENABLE_STRICT_OBJC_MSGSEND = YES;
				ENABLE_TESTABILITY = YES;
				GCC_C_LANGUAGE_STANDARD = gnu99;
				GCC_DYNAMIC_NO_PIC = NO;
				GCC_NO_COMMON_BLOCKS = YES;
				GCC_OPTIMIZATION_LEVEL = 0;
				GCC_PREPROCESSOR_DEFINITIONS = (
					"DEBUG=1",
					"$(inherited)",
				);
				GCC_WARN_64_TO_32_BIT_CONVERSION = YES;
				GCC_WARN_ABOUT_RETURN_TYPE = YES_ERROR;
				GCC_WARN_UNDECLARED_SELECTOR = YES;
				GCC_WARN_UNINITIALIZED_AUTOS = YES_AGGRESSIVE;
				GCC_WARN_UNUSED_FUNCTION = YES;
				GCC_WARN_UNUSED_VARIABLE = YES;
				IPHONEOS_DEPLOYMENT_TARGET = 9.0;
				MTL_ENABLE_DEBUG_INFO = YES;
				ONLY_ACTIVE_ARCH = YES;
				SDKROOT = iphoneos;
				SWIFT_ACTIVE_COMPILATION_CONDITIONS = DEBUG;
				SWIFT_OPTIMIZATION_LEVEL = "-Onone";
			};
			name = Debug;
		};
		562C5D1B1DA2685D00EF0950 /* Release */ = {
			isa = XCBuildConfiguration;
			buildSettings = {
				ALWAYS_SEARCH_USER_PATHS = NO;
				CLANG_ANALYZER_NONNULL = YES;
				CLANG_CXX_LANGUAGE_STANDARD = "gnu++0x";
				CLANG_CXX_LIBRARY = "libc++";
				CLANG_ENABLE_MODULES = YES;
				CLANG_ENABLE_OBJC_ARC = YES;
				CLANG_WARN_BOOL_CONVERSION = YES;
				CLANG_WARN_CONSTANT_CONVERSION = YES;
				CLANG_WARN_DIRECT_OBJC_ISA_USAGE = YES_ERROR;
				CLANG_WARN_DOCUMENTATION_COMMENTS = YES;
				CLANG_WARN_EMPTY_BODY = YES;
				CLANG_WARN_ENUM_CONVERSION = YES;
				CLANG_WARN_INFINITE_RECURSION = YES;
				CLANG_WARN_INT_CONVERSION = YES;
				CLANG_WARN_OBJC_ROOT_CLASS = YES_ERROR;
				CLANG_WARN_SUSPICIOUS_MOVES = YES;
				CLANG_WARN_UNREACHABLE_CODE = YES;
				CLANG_WARN__DUPLICATE_METHOD_MATCH = YES;
				"CODE_SIGN_IDENTITY[sdk=iphoneos*]" = "iPhone Developer: echochief@126.com (TWV2D2ACH8)";
				COPY_PHASE_STRIP = NO;
				DEBUG_INFORMATION_FORMAT = "dwarf-with-dsym";
				ENABLE_NS_ASSERTIONS = NO;
				ENABLE_STRICT_OBJC_MSGSEND = YES;
				GCC_C_LANGUAGE_STANDARD = gnu99;
				GCC_NO_COMMON_BLOCKS = YES;
				GCC_WARN_64_TO_32_BIT_CONVERSION = YES;
				GCC_WARN_ABOUT_RETURN_TYPE = YES_ERROR;
				GCC_WARN_UNDECLARED_SELECTOR = YES;
				GCC_WARN_UNINITIALIZED_AUTOS = YES_AGGRESSIVE;
				GCC_WARN_UNUSED_FUNCTION = YES;
				GCC_WARN_UNUSED_VARIABLE = YES;
				IPHONEOS_DEPLOYMENT_TARGET = 9.0;
				MTL_ENABLE_DEBUG_INFO = NO;
				SDKROOT = iphoneos;
				SWIFT_OPTIMIZATION_LEVEL = "-Owholemodule";
				VALIDATE_PRODUCT = YES;
			};
			name = Release;
		};
		562C5D1D1DA2685D00EF0950 /* Debug */ = {
			isa = XCBuildConfiguration;
			buildSettings = {
				ALWAYS_EMBED_SWIFT_STANDARD_LIBRARIES = YES;
				ASSETCATALOG_COMPILER_APPICON_NAME = AppIcon;
				ASSETCATALOG_COMPILER_LAUNCHIMAGE_NAME = LaunchImage;
				"CODE_SIGN_IDENTITY[sdk=iphoneos*]" = "";
				FRAMEWORK_SEARCH_PATHS = (
					"$(inherited)",
					"$(PROJECT_DIR)/build/Debug-iphoneos/Alamofire",
				);
				INFOPLIST_FILE = DouYuZhiBo/Info.plist;
				IPHONEOS_DEPLOYMENT_TARGET = 9.0;
				LD_RUNPATH_SEARCH_PATHS = "$(inherited) @executable_path/Frameworks";
				PRODUCT_BUNDLE_IDENTIFIER = com.zz.DouYuZhiBo;
				PRODUCT_NAME = "$(TARGET_NAME)";
				SWIFT_VERSION = 3.0;
			};
			name = Debug;
		};
		562C5D1E1DA2685D00EF0950 /* Release */ = {
			isa = XCBuildConfiguration;
			buildSettings = {
				ALWAYS_EMBED_SWIFT_STANDARD_LIBRARIES = YES;
				ASSETCATALOG_COMPILER_APPICON_NAME = AppIcon;
				ASSETCATALOG_COMPILER_LAUNCHIMAGE_NAME = LaunchImage;
				"CODE_SIGN_IDENTITY[sdk=iphoneos*]" = "";
				FRAMEWORK_SEARCH_PATHS = (
					"$(inherited)",
					"$(PROJECT_DIR)/build/Debug-iphoneos/Alamofire",
				);
				INFOPLIST_FILE = DouYuZhiBo/Info.plist;
				IPHONEOS_DEPLOYMENT_TARGET = 9.0;
				LD_RUNPATH_SEARCH_PATHS = "$(inherited) @executable_path/Frameworks";
				PRODUCT_BUNDLE_IDENTIFIER = com.zz.DouYuZhiBo;
				PRODUCT_NAME = "$(TARGET_NAME)";
				SWIFT_VERSION = 3.0;
			};
			name = Release;
		};
/* End XCBuildConfiguration section */

/* Begin XCConfigurationList section */
		562C5D051DA2685D00EF0950 /* Build configuration list for PBXProject "DouYuZhiBo" */ = {
			isa = XCConfigurationList;
			buildConfigurations = (
				562C5D1A1DA2685D00EF0950 /* Debug */,
				562C5D1B1DA2685D00EF0950 /* Release */,
			);
			defaultConfigurationIsVisible = 0;
			defaultConfigurationName = Release;
		};
		562C5D1C1DA2685D00EF0950 /* Build configuration list for PBXNativeTarget "DouYuZhiBo" */ = {
			isa = XCConfigurationList;
			buildConfigurations = (
				562C5D1D1DA2685D00EF0950 /* Debug */,
				562C5D1E1DA2685D00EF0950 /* Release */,
			);
			defaultConfigurationIsVisible = 0;
			defaultConfigurationName = Release;
		};
/* End XCConfigurationList section */
	};
	rootObject = 562C5D021DA2685D00EF0950 /* Project object */;
}
